// !$*UTF8*$!
{
	archiveVersion = 1;
	classes = {
	};
	objectVersion = 51;
	objects = {

/* Begin PBXBuildFile section */
		0A8F5ACBE026A24102B15282 /* Pods_Tradepop_TradepopUITests.framework in Frameworks */ = {isa = PBXBuildFile; fileRef = 23F3D5EF231045935D85B7DE /* Pods_Tradepop_TradepopUITests.framework */; };
		11771BD1FF2B5C31B331D82F /* Pods_TradepopTests.framework in Frameworks */ = {isa = PBXBuildFile; fileRef = A7A3E32FE145C2BD094ADBB3 /* Pods_TradepopTests.framework */; };
		670EA9C09CADFDB361ADC076 /* Pods_Tradepop.framework in Frameworks */ = {isa = PBXBuildFile; fileRef = 5D7B88DB026313E1263FA333 /* Pods_Tradepop.framework */; };
		D30B02AE26FA40D500D63CA8 /* NoUserView.swift in Sources */ = {isa = PBXBuildFile; fileRef = D30B02AD26FA40D500D63CA8 /* NoUserView.swift */; };
		D30B02B026FA40ED00D63CA8 /* NoUserView.xib in Resources */ = {isa = PBXBuildFile; fileRef = D30B02AF26FA40ED00D63CA8 /* NoUserView.xib */; };
		D30B02B526FA41B800D63CA8 /* SourceSansPro-Regular.ttf in Resources */ = {isa = PBXBuildFile; fileRef = D30B02B226FA41B800D63CA8 /* SourceSansPro-Regular.ttf */; };
		D30B02B626FA41B800D63CA8 /* SourceSansPro-Bold.ttf in Resources */ = {isa = PBXBuildFile; fileRef = D30B02B326FA41B800D63CA8 /* SourceSansPro-Bold.ttf */; };
		D30B02B726FA41B800D63CA8 /* SourceSansPro-SemiBold.ttf in Resources */ = {isa = PBXBuildFile; fileRef = D30B02B426FA41B800D63CA8 /* SourceSansPro-SemiBold.ttf */; };
		D328D8F52704E587009D9F28 /* UserDataManager.swift in Sources */ = {isa = PBXBuildFile; fileRef = D328D8F42704E587009D9F28 /* UserDataManager.swift */; };
		D328D8F82704E6B5009D9F28 /* FirebaseUserDataManager.swift in Sources */ = {isa = PBXBuildFile; fileRef = D328D8F72704E6B5009D9F28 /* FirebaseUserDataManager.swift */; };
		D328D8FA2704E6D6009D9F28 /* FirebaseUserDataManagerImp.swift in Sources */ = {isa = PBXBuildFile; fileRef = D328D8F92704E6D6009D9F28 /* FirebaseUserDataManagerImp.swift */; };
		D32B183F26F78DC00093EE46 /* AppDelegate.swift in Sources */ = {isa = PBXBuildFile; fileRef = D32B183E26F78DC00093EE46 /* AppDelegate.swift */; };
		D32B184126F78DC00093EE46 /* SceneDelegate.swift in Sources */ = {isa = PBXBuildFile; fileRef = D32B184026F78DC00093EE46 /* SceneDelegate.swift */; };
		D32B184826F78DC10093EE46 /* Assets.xcassets in Resources */ = {isa = PBXBuildFile; fileRef = D32B184726F78DC10093EE46 /* Assets.xcassets */; };
		D32B184B26F78DC10093EE46 /* LaunchScreen.storyboard in Resources */ = {isa = PBXBuildFile; fileRef = D32B184926F78DC10093EE46 /* LaunchScreen.storyboard */; };
		D32B185626F78DC10093EE46 /* TradepopTests.swift in Sources */ = {isa = PBXBuildFile; fileRef = D32B185526F78DC10093EE46 /* TradepopTests.swift */; };
		D32B186126F78DC10093EE46 /* TradepopUITests.swift in Sources */ = {isa = PBXBuildFile; fileRef = D32B186026F78DC10093EE46 /* TradepopUITests.swift */; };
		D32B187226F792DE0093EE46 /* Coordinator.swift in Sources */ = {isa = PBXBuildFile; fileRef = D32B187126F792DE0093EE46 /* Coordinator.swift */; };
		D32B187726F79C500093EE46 /* AppCoordinator.swift in Sources */ = {isa = PBXBuildFile; fileRef = D32B187626F79C500093EE46 /* AppCoordinator.swift */; };
		D32B187A26F7A53A0093EE46 /* DataManager.swift in Sources */ = {isa = PBXBuildFile; fileRef = D32B187926F7A53A0093EE46 /* DataManager.swift */; };
		D357E74E26F8D44500A8723F /* UIColor+Extensions.swift in Sources */ = {isa = PBXBuildFile; fileRef = D357E74D26F8D44500A8723F /* UIColor+Extensions.swift */; };
		D357E75026F8DE4100A8723F /* ProfileViewModel.swift in Sources */ = {isa = PBXBuildFile; fileRef = D357E74F26F8DE4100A8723F /* ProfileViewModel.swift */; };
		D357E75826F8E4EE00A8723F /* ProfileCoordinator.swift in Sources */ = {isa = PBXBuildFile; fileRef = D357E75726F8E4EE00A8723F /* ProfileCoordinator.swift */; };
		D357E76326F8F51C00A8723F /* ProfileViewController.swift in Sources */ = {isa = PBXBuildFile; fileRef = D357E76126F8F51C00A8723F /* ProfileViewController.swift */; };
		D357E76426F8F51C00A8723F /* ProfileViewController.xib in Resources */ = {isa = PBXBuildFile; fileRef = D357E76226F8F51C00A8723F /* ProfileViewController.xib */; };
		D367A0832712EF1F002FF5BF /* TextFieldWithPadding.swift in Sources */ = {isa = PBXBuildFile; fileRef = D367A0822712EF1F002FF5BF /* TextFieldWithPadding.swift */; };
		D367A0862712F4E3002FF5BF /* InfoPlist.strings in Resources */ = {isa = PBXBuildFile; fileRef = D367A0882712F4E3002FF5BF /* InfoPlist.strings */; };
		D367A08B2713259D002FF5BF /* ProfileDataManager.swift in Sources */ = {isa = PBXBuildFile; fileRef = D367A08A2713259D002FF5BF /* ProfileDataManager.swift */; };
		D3689FB327023BBB0052B003 /* Localizable.strings in Resources */ = {isa = PBXBuildFile; fileRef = D3689FB527023BBB0052B003 /* Localizable.strings */; };
		D3B420FC2711EF2E000E6E08 /* AddProductViewModel.swift in Sources */ = {isa = PBXBuildFile; fileRef = D3B420FB2711EF2E000E6E08 /* AddProductViewModel.swift */; };
		D3B420FF2711EF4A000E6E08 /* AddProductViewController.swift in Sources */ = {isa = PBXBuildFile; fileRef = D3B420FD2711EF4A000E6E08 /* AddProductViewController.swift */; };
		D3B421002711EF4A000E6E08 /* AddProductViewController.xib in Resources */ = {isa = PBXBuildFile; fileRef = D3B420FE2711EF4A000E6E08 /* AddProductViewController.xib */; };
		D3B421022711EF6B000E6E08 /* AddProductDataManager.swift in Sources */ = {isa = PBXBuildFile; fileRef = D3B421012711EF6B000E6E08 /* AddProductDataManager.swift */; };
		D3B421042711F19F000E6E08 /* AddProductCoordinator.swift in Sources */ = {isa = PBXBuildFile; fileRef = D3B421032711F19F000E6E08 /* AddProductCoordinator.swift */; };
		D3BDFAB727075E5C00C88C7F /* LoginRegisterCoordinator.swift in Sources */ = {isa = PBXBuildFile; fileRef = D3BDFAB627075E5C00C88C7F /* LoginRegisterCoordinator.swift */; };
		D3BDFAB927076C5800C88C7F /* UIView+Extensions.swift in Sources */ = {isa = PBXBuildFile; fileRef = D3BDFAB827076C5800C88C7F /* UIView+Extensions.swift */; };
		D3BF081C26FE4C0B0043B563 /* LoginRegisterViewModel.swift in Sources */ = {isa = PBXBuildFile; fileRef = D3BF081B26FE4C0B0043B563 /* LoginRegisterViewModel.swift */; };
		D3BF081F26FE4C5E0043B563 /* LoginRegisterViewController.swift in Sources */ = {isa = PBXBuildFile; fileRef = D3BF081D26FE4C5E0043B563 /* LoginRegisterViewController.swift */; };
		D3BF082026FE4C5E0043B563 /* LoginRegisterViewController.xib in Resources */ = {isa = PBXBuildFile; fileRef = D3BF081E26FE4C5E0043B563 /* LoginRegisterViewController.xib */; };
		D3C188392711B54400505FC8 /* ProductsViewModel.swift in Sources */ = {isa = PBXBuildFile; fileRef = D3C188382711B54400505FC8 /* ProductsViewModel.swift */; };
		D3C1883C2711B55100505FC8 /* ProductsViewController.swift in Sources */ = {isa = PBXBuildFile; fileRef = D3C1883A2711B55100505FC8 /* ProductsViewController.swift */; };
		D3C1883D2711B55100505FC8 /* ProductsViewController.xib in Resources */ = {isa = PBXBuildFile; fileRef = D3C1883B2711B55100505FC8 /* ProductsViewController.xib */; };
		D3C1883F2711B5BA00505FC8 /* ProductsDataManager.swift in Sources */ = {isa = PBXBuildFile; fileRef = D3C1883E2711B5BA00505FC8 /* ProductsDataManager.swift */; };
		D3C188412711B5DF00505FC8 /* ProductsCoordinator.swift in Sources */ = {isa = PBXBuildFile; fileRef = D3C188402711B5DF00505FC8 /* ProductsCoordinator.swift */; };
		D3EAAD9A2705C255002AF85F /* FirebaseDataManager.swift in Sources */ = {isa = PBXBuildFile; fileRef = D3EAAD992705C255002AF85F /* FirebaseDataManager.swift */; };
		D3EAAD9C2705C265002AF85F /* FirebaseDataManagerImp.swift in Sources */ = {isa = PBXBuildFile; fileRef = D3EAAD9B2705C265002AF85F /* FirebaseDataManagerImp.swift */; };
		D3EB979F27086F3500CFF38A /* UIViewController + Extensions.swift in Sources */ = {isa = PBXBuildFile; fileRef = D3EB979E27086F3500CFF38A /* UIViewController + Extensions.swift */; };
		D3EB97A12708789C00CFF38A /* GoogleService-Info.plist in Resources */ = {isa = PBXBuildFile; fileRef = D3EB97A02708789C00CFF38A /* GoogleService-Info.plist */; };
		D3EB97A32708D13200CFF38A /* User.swift in Sources */ = {isa = PBXBuildFile; fileRef = D3EB97A22708D13200CFF38A /* User.swift */; };
/* End PBXBuildFile section */

/* Begin PBXContainerItemProxy section */
		D32B185226F78DC10093EE46 /* PBXContainerItemProxy */ = {
			isa = PBXContainerItemProxy;
			containerPortal = D32B183326F78DC00093EE46 /* Project object */;
			proxyType = 1;
			remoteGlobalIDString = D32B183A26F78DC00093EE46;
			remoteInfo = Tradepop;
		};
		D32B185D26F78DC10093EE46 /* PBXContainerItemProxy */ = {
			isa = PBXContainerItemProxy;
			containerPortal = D32B183326F78DC00093EE46 /* Project object */;
			proxyType = 1;
			remoteGlobalIDString = D32B183A26F78DC00093EE46;
			remoteInfo = Tradepop;
		};
/* End PBXContainerItemProxy section */

/* Begin PBXFileReference section */
		23F3D5EF231045935D85B7DE /* Pods_Tradepop_TradepopUITests.framework */ = {isa = PBXFileReference; explicitFileType = wrapper.framework; includeInIndex = 0; path = Pods_Tradepop_TradepopUITests.framework; sourceTree = BUILT_PRODUCTS_DIR; };
		2E16A847E3FA03502B5C9BA3 /* Pods-Tradepop-TradepopUITests.debug.xcconfig */ = {isa = PBXFileReference; includeInIndex = 1; lastKnownFileType = text.xcconfig; name = "Pods-Tradepop-TradepopUITests.debug.xcconfig"; path = "Target Support Files/Pods-Tradepop-TradepopUITests/Pods-Tradepop-TradepopUITests.debug.xcconfig"; sourceTree = "<group>"; };
		3242FB91C3E5392C72686ECE /* Pods-Tradepop.release.xcconfig */ = {isa = PBXFileReference; includeInIndex = 1; lastKnownFileType = text.xcconfig; name = "Pods-Tradepop.release.xcconfig"; path = "Target Support Files/Pods-Tradepop/Pods-Tradepop.release.xcconfig"; sourceTree = "<group>"; };
		482B2D68394B3131826CAD23 /* Pods-TradepopTests.debug.xcconfig */ = {isa = PBXFileReference; includeInIndex = 1; lastKnownFileType = text.xcconfig; name = "Pods-TradepopTests.debug.xcconfig"; path = "Target Support Files/Pods-TradepopTests/Pods-TradepopTests.debug.xcconfig"; sourceTree = "<group>"; };
		5D7B88DB026313E1263FA333 /* Pods_Tradepop.framework */ = {isa = PBXFileReference; explicitFileType = wrapper.framework; includeInIndex = 0; path = Pods_Tradepop.framework; sourceTree = BUILT_PRODUCTS_DIR; };
		65B85108B6BC6D319FA06217 /* Pods-TradepopTests.release.xcconfig */ = {isa = PBXFileReference; includeInIndex = 1; lastKnownFileType = text.xcconfig; name = "Pods-TradepopTests.release.xcconfig"; path = "Target Support Files/Pods-TradepopTests/Pods-TradepopTests.release.xcconfig"; sourceTree = "<group>"; };
		A7A3E32FE145C2BD094ADBB3 /* Pods_TradepopTests.framework */ = {isa = PBXFileReference; explicitFileType = wrapper.framework; includeInIndex = 0; path = Pods_TradepopTests.framework; sourceTree = BUILT_PRODUCTS_DIR; };
		BD3CAC157E503D71882C721B /* Pods-Tradepop.debug.xcconfig */ = {isa = PBXFileReference; includeInIndex = 1; lastKnownFileType = text.xcconfig; name = "Pods-Tradepop.debug.xcconfig"; path = "Target Support Files/Pods-Tradepop/Pods-Tradepop.debug.xcconfig"; sourceTree = "<group>"; };
		D30B02AD26FA40D500D63CA8 /* NoUserView.swift */ = {isa = PBXFileReference; lastKnownFileType = sourcecode.swift; path = NoUserView.swift; sourceTree = "<group>"; };
		D30B02AF26FA40ED00D63CA8 /* NoUserView.xib */ = {isa = PBXFileReference; lastKnownFileType = file.xib; path = NoUserView.xib; sourceTree = "<group>"; };
		D30B02B226FA41B800D63CA8 /* SourceSansPro-Regular.ttf */ = {isa = PBXFileReference; lastKnownFileType = file; path = "SourceSansPro-Regular.ttf"; sourceTree = "<group>"; };
		D30B02B326FA41B800D63CA8 /* SourceSansPro-Bold.ttf */ = {isa = PBXFileReference; lastKnownFileType = file; path = "SourceSansPro-Bold.ttf"; sourceTree = "<group>"; };
		D30B02B426FA41B800D63CA8 /* SourceSansPro-SemiBold.ttf */ = {isa = PBXFileReference; lastKnownFileType = file; path = "SourceSansPro-SemiBold.ttf"; sourceTree = "<group>"; };
		D328D8F42704E587009D9F28 /* UserDataManager.swift */ = {isa = PBXFileReference; lastKnownFileType = sourcecode.swift; path = UserDataManager.swift; sourceTree = "<group>"; };
		D328D8F72704E6B5009D9F28 /* FirebaseUserDataManager.swift */ = {isa = PBXFileReference; lastKnownFileType = sourcecode.swift; path = FirebaseUserDataManager.swift; sourceTree = "<group>"; };
		D328D8F92704E6D6009D9F28 /* FirebaseUserDataManagerImp.swift */ = {isa = PBXFileReference; lastKnownFileType = sourcecode.swift; path = FirebaseUserDataManagerImp.swift; sourceTree = "<group>"; };
		D32B183B26F78DC00093EE46 /* Tradepop.app */ = {isa = PBXFileReference; explicitFileType = wrapper.application; includeInIndex = 0; path = Tradepop.app; sourceTree = BUILT_PRODUCTS_DIR; };
		D32B183E26F78DC00093EE46 /* AppDelegate.swift */ = {isa = PBXFileReference; lastKnownFileType = sourcecode.swift; path = AppDelegate.swift; sourceTree = "<group>"; };
		D32B184026F78DC00093EE46 /* SceneDelegate.swift */ = {isa = PBXFileReference; lastKnownFileType = sourcecode.swift; path = SceneDelegate.swift; sourceTree = "<group>"; };
		D32B184726F78DC10093EE46 /* Assets.xcassets */ = {isa = PBXFileReference; lastKnownFileType = folder.assetcatalog; path = Assets.xcassets; sourceTree = "<group>"; };
		D32B184A26F78DC10093EE46 /* Base */ = {isa = PBXFileReference; lastKnownFileType = file.storyboard; name = Base; path = Base.lproj/LaunchScreen.storyboard; sourceTree = "<group>"; };
		D32B184C26F78DC10093EE46 /* Info.plist */ = {isa = PBXFileReference; lastKnownFileType = text.plist.xml; path = Info.plist; sourceTree = "<group>"; };
		D32B185126F78DC10093EE46 /* TradepopTests.xctest */ = {isa = PBXFileReference; explicitFileType = wrapper.cfbundle; includeInIndex = 0; path = TradepopTests.xctest; sourceTree = BUILT_PRODUCTS_DIR; };
		D32B185526F78DC10093EE46 /* TradepopTests.swift */ = {isa = PBXFileReference; lastKnownFileType = sourcecode.swift; path = TradepopTests.swift; sourceTree = "<group>"; };
		D32B185726F78DC10093EE46 /* Info.plist */ = {isa = PBXFileReference; lastKnownFileType = text.plist.xml; path = Info.plist; sourceTree = "<group>"; };
		D32B185C26F78DC10093EE46 /* TradepopUITests.xctest */ = {isa = PBXFileReference; explicitFileType = wrapper.cfbundle; includeInIndex = 0; path = TradepopUITests.xctest; sourceTree = BUILT_PRODUCTS_DIR; };
		D32B186026F78DC10093EE46 /* TradepopUITests.swift */ = {isa = PBXFileReference; lastKnownFileType = sourcecode.swift; path = TradepopUITests.swift; sourceTree = "<group>"; };
		D32B186226F78DC10093EE46 /* Info.plist */ = {isa = PBXFileReference; lastKnownFileType = text.plist.xml; path = Info.plist; sourceTree = "<group>"; };
		D32B187126F792DE0093EE46 /* Coordinator.swift */ = {isa = PBXFileReference; lastKnownFileType = sourcecode.swift; path = Coordinator.swift; sourceTree = "<group>"; };
		D32B187626F79C500093EE46 /* AppCoordinator.swift */ = {isa = PBXFileReference; lastKnownFileType = sourcecode.swift; path = AppCoordinator.swift; sourceTree = "<group>"; };
		D32B187926F7A53A0093EE46 /* DataManager.swift */ = {isa = PBXFileReference; lastKnownFileType = sourcecode.swift; path = DataManager.swift; sourceTree = "<group>"; };
		D357E74D26F8D44500A8723F /* UIColor+Extensions.swift */ = {isa = PBXFileReference; lastKnownFileType = sourcecode.swift; path = "UIColor+Extensions.swift"; sourceTree = "<group>"; };
		D357E74F26F8DE4100A8723F /* ProfileViewModel.swift */ = {isa = PBXFileReference; lastKnownFileType = sourcecode.swift; path = ProfileViewModel.swift; sourceTree = "<group>"; };
		D357E75726F8E4EE00A8723F /* ProfileCoordinator.swift */ = {isa = PBXFileReference; lastKnownFileType = sourcecode.swift; path = ProfileCoordinator.swift; sourceTree = "<group>"; };
		D357E76126F8F51C00A8723F /* ProfileViewController.swift */ = {isa = PBXFileReference; lastKnownFileType = sourcecode.swift; path = ProfileViewController.swift; sourceTree = "<group>"; };
		D357E76226F8F51C00A8723F /* ProfileViewController.xib */ = {isa = PBXFileReference; lastKnownFileType = file.xib; path = ProfileViewController.xib; sourceTree = "<group>"; };
		D367A0822712EF1F002FF5BF /* TextFieldWithPadding.swift */ = {isa = PBXFileReference; lastKnownFileType = sourcecode.swift; path = TextFieldWithPadding.swift; sourceTree = "<group>"; };
		D367A0872712F4E3002FF5BF /* en */ = {isa = PBXFileReference; lastKnownFileType = text.plist.strings; name = en; path = en.lproj/InfoPlist.strings; sourceTree = "<group>"; };
		D367A0892712F4E7002FF5BF /* es */ = {isa = PBXFileReference; lastKnownFileType = text.plist.strings; name = es; path = es.lproj/InfoPlist.strings; sourceTree = "<group>"; };
		D367A08A2713259D002FF5BF /* ProfileDataManager.swift */ = {isa = PBXFileReference; lastKnownFileType = sourcecode.swift; path = ProfileDataManager.swift; sourceTree = "<group>"; };
		D3689FB427023BBB0052B003 /* en */ = {isa = PBXFileReference; lastKnownFileType = text.plist.strings; name = en; path = en.lproj/Localizable.strings; sourceTree = "<group>"; };
		D3689FB627023BDF0052B003 /* es */ = {isa = PBXFileReference; lastKnownFileType = text.plist.strings; name = es; path = es.lproj/LaunchScreen.strings; sourceTree = "<group>"; };
		D3689FB727023BE00052B003 /* es */ = {isa = PBXFileReference; lastKnownFileType = text.plist.strings; name = es; path = es.lproj/Localizable.strings; sourceTree = "<group>"; };
		D3B420FB2711EF2E000E6E08 /* AddProductViewModel.swift */ = {isa = PBXFileReference; lastKnownFileType = sourcecode.swift; path = AddProductViewModel.swift; sourceTree = "<group>"; };
		D3B420FD2711EF4A000E6E08 /* AddProductViewController.swift */ = {isa = PBXFileReference; lastKnownFileType = sourcecode.swift; path = AddProductViewController.swift; sourceTree = "<group>"; };
		D3B420FE2711EF4A000E6E08 /* AddProductViewController.xib */ = {isa = PBXFileReference; lastKnownFileType = file.xib; path = AddProductViewController.xib; sourceTree = "<group>"; };
		D3B421012711EF6B000E6E08 /* AddProductDataManager.swift */ = {isa = PBXFileReference; lastKnownFileType = sourcecode.swift; path = AddProductDataManager.swift; sourceTree = "<group>"; };
		D3B421032711F19F000E6E08 /* AddProductCoordinator.swift */ = {isa = PBXFileReference; lastKnownFileType = sourcecode.swift; path = AddProductCoordinator.swift; sourceTree = "<group>"; };
		D3BDFAB627075E5C00C88C7F /* LoginRegisterCoordinator.swift */ = {isa = PBXFileReference; lastKnownFileType = sourcecode.swift; path = LoginRegisterCoordinator.swift; sourceTree = "<group>"; };
		D3BDFAB827076C5800C88C7F /* UIView+Extensions.swift */ = {isa = PBXFileReference; lastKnownFileType = sourcecode.swift; path = "UIView+Extensions.swift"; sourceTree = "<group>"; };
		D3BF081B26FE4C0B0043B563 /* LoginRegisterViewModel.swift */ = {isa = PBXFileReference; lastKnownFileType = sourcecode.swift; path = LoginRegisterViewModel.swift; sourceTree = "<group>"; };
		D3BF081D26FE4C5E0043B563 /* LoginRegisterViewController.swift */ = {isa = PBXFileReference; lastKnownFileType = sourcecode.swift; path = LoginRegisterViewController.swift; sourceTree = "<group>"; };
		D3BF081E26FE4C5E0043B563 /* LoginRegisterViewController.xib */ = {isa = PBXFileReference; lastKnownFileType = file.xib; path = LoginRegisterViewController.xib; sourceTree = "<group>"; };
		D3C188382711B54400505FC8 /* ProductsViewModel.swift */ = {isa = PBXFileReference; lastKnownFileType = sourcecode.swift; path = ProductsViewModel.swift; sourceTree = "<group>"; };
		D3C1883A2711B55100505FC8 /* ProductsViewController.swift */ = {isa = PBXFileReference; lastKnownFileType = sourcecode.swift; path = ProductsViewController.swift; sourceTree = "<group>"; };
		D3C1883B2711B55100505FC8 /* ProductsViewController.xib */ = {isa = PBXFileReference; lastKnownFileType = file.xib; path = ProductsViewController.xib; sourceTree = "<group>"; };
		D3C1883E2711B5BA00505FC8 /* ProductsDataManager.swift */ = {isa = PBXFileReference; lastKnownFileType = sourcecode.swift; path = ProductsDataManager.swift; sourceTree = "<group>"; };
		D3C188402711B5DF00505FC8 /* ProductsCoordinator.swift */ = {isa = PBXFileReference; lastKnownFileType = sourcecode.swift; path = ProductsCoordinator.swift; sourceTree = "<group>"; };
		D3EAAD992705C255002AF85F /* FirebaseDataManager.swift */ = {isa = PBXFileReference; lastKnownFileType = sourcecode.swift; path = FirebaseDataManager.swift; sourceTree = "<group>"; };
		D3EAAD9B2705C265002AF85F /* FirebaseDataManagerImp.swift */ = {isa = PBXFileReference; lastKnownFileType = sourcecode.swift; path = FirebaseDataManagerImp.swift; sourceTree = "<group>"; };
		D3EB979E27086F3500CFF38A /* UIViewController + Extensions.swift */ = {isa = PBXFileReference; lastKnownFileType = sourcecode.swift; path = "UIViewController + Extensions.swift"; sourceTree = "<group>"; };
		D3EB97A02708789C00CFF38A /* GoogleService-Info.plist */ = {isa = PBXFileReference; fileEncoding = 4; lastKnownFileType = text.plist.xml; path = "GoogleService-Info.plist"; sourceTree = "<group>"; };
		D3EB97A22708D13200CFF38A /* User.swift */ = {isa = PBXFileReference; lastKnownFileType = sourcecode.swift; path = User.swift; sourceTree = "<group>"; };
		F13911D1E355F3B3028FA466 /* Pods-Tradepop-TradepopUITests.release.xcconfig */ = {isa = PBXFileReference; includeInIndex = 1; lastKnownFileType = text.xcconfig; name = "Pods-Tradepop-TradepopUITests.release.xcconfig"; path = "Target Support Files/Pods-Tradepop-TradepopUITests/Pods-Tradepop-TradepopUITests.release.xcconfig"; sourceTree = "<group>"; };
/* End PBXFileReference section */

/* Begin PBXFrameworksBuildPhase section */
		D32B183826F78DC00093EE46 /* Frameworks */ = {
			isa = PBXFrameworksBuildPhase;
			buildActionMask = 2147483647;
			files = (
				670EA9C09CADFDB361ADC076 /* Pods_Tradepop.framework in Frameworks */,
			);
			runOnlyForDeploymentPostprocessing = 0;
		};
		D32B184E26F78DC10093EE46 /* Frameworks */ = {
			isa = PBXFrameworksBuildPhase;
			buildActionMask = 2147483647;
			files = (
				11771BD1FF2B5C31B331D82F /* Pods_TradepopTests.framework in Frameworks */,
			);
			runOnlyForDeploymentPostprocessing = 0;
		};
		D32B185926F78DC10093EE46 /* Frameworks */ = {
			isa = PBXFrameworksBuildPhase;
			buildActionMask = 2147483647;
			files = (
				0A8F5ACBE026A24102B15282 /* Pods_Tradepop_TradepopUITests.framework in Frameworks */,
			);
			runOnlyForDeploymentPostprocessing = 0;
		};
/* End PBXFrameworksBuildPhase section */

/* Begin PBXGroup section */
		4B7563017B16B4665028062E /* Frameworks */ = {
			isa = PBXGroup;
			children = (
				5D7B88DB026313E1263FA333 /* Pods_Tradepop.framework */,
				23F3D5EF231045935D85B7DE /* Pods_Tradepop_TradepopUITests.framework */,
				A7A3E32FE145C2BD094ADBB3 /* Pods_TradepopTests.framework */,
			);
			name = Frameworks;
			sourceTree = "<group>";
		};
		938FAA84B67029345256C7B8 /* Pods */ = {
			isa = PBXGroup;
			children = (
				BD3CAC157E503D71882C721B /* Pods-Tradepop.debug.xcconfig */,
				3242FB91C3E5392C72686ECE /* Pods-Tradepop.release.xcconfig */,
				2E16A847E3FA03502B5C9BA3 /* Pods-Tradepop-TradepopUITests.debug.xcconfig */,
				F13911D1E355F3B3028FA466 /* Pods-Tradepop-TradepopUITests.release.xcconfig */,
				482B2D68394B3131826CAD23 /* Pods-TradepopTests.debug.xcconfig */,
				65B85108B6BC6D319FA06217 /* Pods-TradepopTests.release.xcconfig */,
			);
			path = Pods;
			sourceTree = "<group>";
		};
		D30B02AC26FA3F8500D63CA8 /* LoginRegister */ = {
			isa = PBXGroup;
			children = (
				D30B02AD26FA40D500D63CA8 /* NoUserView.swift */,
				D30B02AF26FA40ED00D63CA8 /* NoUserView.xib */,
				D3BF081B26FE4C0B0043B563 /* LoginRegisterViewModel.swift */,
				D3BF081D26FE4C5E0043B563 /* LoginRegisterViewController.swift */,
				D3BF081E26FE4C5E0043B563 /* LoginRegisterViewController.xib */,
			);
			path = LoginRegister;
			sourceTree = "<group>";
		};
		D30B02B126FA41A600D63CA8 /* Fonts */ = {
			isa = PBXGroup;
			children = (
				D30B02B326FA41B800D63CA8 /* SourceSansPro-Bold.ttf */,
				D30B02B226FA41B800D63CA8 /* SourceSansPro-Regular.ttf */,
				D30B02B426FA41B800D63CA8 /* SourceSansPro-SemiBold.ttf */,
			);
			path = Fonts;
			sourceTree = "<group>";
		};
		D328D8F62704E6A5009D9F28 /* Firebase */ = {
			isa = PBXGroup;
			children = (
				D328D8F72704E6B5009D9F28 /* FirebaseUserDataManager.swift */,
				D328D8F92704E6D6009D9F28 /* FirebaseUserDataManagerImp.swift */,
				D3EAAD992705C255002AF85F /* FirebaseDataManager.swift */,
				D3EAAD9B2705C265002AF85F /* FirebaseDataManagerImp.swift */,
			);
			path = Firebase;
			sourceTree = "<group>";
		};
		D32B183226F78DC00093EE46 = {
			isa = PBXGroup;
			children = (
				D32B183D26F78DC00093EE46 /* Tradepop */,
				D32B185426F78DC10093EE46 /* TradepopTests */,
				D32B185F26F78DC10093EE46 /* TradepopUITests */,
				D32B183C26F78DC00093EE46 /* Products */,
				938FAA84B67029345256C7B8 /* Pods */,
				4B7563017B16B4665028062E /* Frameworks */,
			);
			sourceTree = "<group>";
		};
		D32B183C26F78DC00093EE46 /* Products */ = {
			isa = PBXGroup;
			children = (
				D32B183B26F78DC00093EE46 /* Tradepop.app */,
				D32B185126F78DC10093EE46 /* TradepopTests.xctest */,
				D32B185C26F78DC10093EE46 /* TradepopUITests.xctest */,
			);
			name = Products;
			sourceTree = "<group>";
		};
		D32B183D26F78DC00093EE46 /* Tradepop */ = {
			isa = PBXGroup;
			children = (
				D32B183E26F78DC00093EE46 /* AppDelegate.swift */,
				D32B184026F78DC00093EE46 /* SceneDelegate.swift */,
				D3EB97A02708789C00CFF38A /* GoogleService-Info.plist */,
				D32B186E26F790FA0093EE46 /* Resources */,
				D357E74C26F8D3C300A8723F /* Extension */,
				D32B187826F7A4CB0093EE46 /* DataManager */,
				D32B186F26F791380093EE46 /* Models */,
				D32B187026F792AF0093EE46 /* Coordinator */,
				D32B187526F79C370093EE46 /* Products */,
				D32B187C26F7A6AF0093EE46 /* AddProduct */,
				D32B187D26F7A7220093EE46 /* Profile */,
				D30B02AC26FA3F8500D63CA8 /* LoginRegister */,
			);
			path = Tradepop;
			sourceTree = "<group>";
		};
		D32B185426F78DC10093EE46 /* TradepopTests */ = {
			isa = PBXGroup;
			children = (
				D32B185526F78DC10093EE46 /* TradepopTests.swift */,
				D32B185726F78DC10093EE46 /* Info.plist */,
			);
			path = TradepopTests;
			sourceTree = "<group>";
		};
		D32B185F26F78DC10093EE46 /* TradepopUITests */ = {
			isa = PBXGroup;
			children = (
				D32B186026F78DC10093EE46 /* TradepopUITests.swift */,
				D32B186226F78DC10093EE46 /* Info.plist */,
			);
			path = TradepopUITests;
			sourceTree = "<group>";
		};
		D32B186E26F790FA0093EE46 /* Resources */ = {
			isa = PBXGroup;
			children = (
				D30B02B126FA41A600D63CA8 /* Fonts */,
				D32B184926F78DC10093EE46 /* LaunchScreen.storyboard */,
				D32B184726F78DC10093EE46 /* Assets.xcassets */,
				D32B184C26F78DC10093EE46 /* Info.plist */,
				D3689FB527023BBB0052B003 /* Localizable.strings */,
				D367A0882712F4E3002FF5BF /* InfoPlist.strings */,
			);
			path = Resources;
			sourceTree = "<group>";
		};
		D32B186F26F791380093EE46 /* Models */ = {
			isa = PBXGroup;
			children = (
				D3EB97A22708D13200CFF38A /* User.swift */,
			);
			path = Models;
			sourceTree = "<group>";
		};
		D32B187026F792AF0093EE46 /* Coordinator */ = {
			isa = PBXGroup;
			children = (
				D32B187126F792DE0093EE46 /* Coordinator.swift */,
				D32B187626F79C500093EE46 /* AppCoordinator.swift */,
				D357E75726F8E4EE00A8723F /* ProfileCoordinator.swift */,
				D3BDFAB627075E5C00C88C7F /* LoginRegisterCoordinator.swift */,
				D3C188402711B5DF00505FC8 /* ProductsCoordinator.swift */,
				D3B421032711F19F000E6E08 /* AddProductCoordinator.swift */,
			);
			path = Coordinator;
			sourceTree = "<group>";
		};
		D32B187526F79C370093EE46 /* Products */ = {
			isa = PBXGroup;
			children = (
				D3C188382711B54400505FC8 /* ProductsViewModel.swift */,
				D3C1883A2711B55100505FC8 /* ProductsViewController.swift */,
				D3C1883B2711B55100505FC8 /* ProductsViewController.xib */,
				D3C1883E2711B5BA00505FC8 /* ProductsDataManager.swift */,
			);
			path = Products;
			sourceTree = "<group>";
		};
		D32B187826F7A4CB0093EE46 /* DataManager */ = {
			isa = PBXGroup;
			children = (
				D328D8F62704E6A5009D9F28 /* Firebase */,
				D32B187926F7A53A0093EE46 /* DataManager.swift */,
				D328D8F42704E587009D9F28 /* UserDataManager.swift */,
			);
			path = DataManager;
			sourceTree = "<group>";
		};
		D32B187C26F7A6AF0093EE46 /* AddProduct */ = {
			isa = PBXGroup;
			children = (
				D3B420FB2711EF2E000E6E08 /* AddProductViewModel.swift */,
				D3B420FD2711EF4A000E6E08 /* AddProductViewController.swift */,
				D3B420FE2711EF4A000E6E08 /* AddProductViewController.xib */,
				D3B421012711EF6B000E6E08 /* AddProductDataManager.swift */,
			);
			path = AddProduct;
			sourceTree = "<group>";
		};
		D32B187D26F7A7220093EE46 /* Profile */ = {
			isa = PBXGroup;
			children = (
				D357E74F26F8DE4100A8723F /* ProfileViewModel.swift */,
				D357E76126F8F51C00A8723F /* ProfileViewController.swift */,
				D357E76226F8F51C00A8723F /* ProfileViewController.xib */,
				D367A08A2713259D002FF5BF /* ProfileDataManager.swift */,
			);
			path = Profile;
			sourceTree = "<group>";
		};
		D357E74C26F8D3C300A8723F /* Extension */ = {
			isa = PBXGroup;
			children = (
				D357E74D26F8D44500A8723F /* UIColor+Extensions.swift */,
				D3BDFAB827076C5800C88C7F /* UIView+Extensions.swift */,
				D3EB979E27086F3500CFF38A /* UIViewController + Extensions.swift */,
				D367A0822712EF1F002FF5BF /* TextFieldWithPadding.swift */,
			);
			path = Extension;
			sourceTree = "<group>";
		};
/* End PBXGroup section */

/* Begin PBXNativeTarget section */
		D32B183A26F78DC00093EE46 /* Tradepop */ = {
			isa = PBXNativeTarget;
			buildConfigurationList = D32B186526F78DC10093EE46 /* Build configuration list for PBXNativeTarget "Tradepop" */;
			buildPhases = (
				E0070DDBB0E63B76A54162D8 /* [CP] Check Pods Manifest.lock */,
				D32B183726F78DC00093EE46 /* Sources */,
				D32B183826F78DC00093EE46 /* Frameworks */,
				D32B183926F78DC00093EE46 /* Resources */,
				5CEC0A3074CE2B5A0DCF7BEA /* [CP] Embed Pods Frameworks */,
			);
			buildRules = (
			);
			dependencies = (
			);
			name = Tradepop;
			productName = Tradepop;
			productReference = D32B183B26F78DC00093EE46 /* Tradepop.app */;
			productType = "com.apple.product-type.application";
		};
		D32B185026F78DC10093EE46 /* TradepopTests */ = {
			isa = PBXNativeTarget;
			buildConfigurationList = D32B186826F78DC10093EE46 /* Build configuration list for PBXNativeTarget "TradepopTests" */;
			buildPhases = (
				F22B5D813FA22192B58E18C2 /* [CP] Check Pods Manifest.lock */,
				D32B184D26F78DC10093EE46 /* Sources */,
				D32B184E26F78DC10093EE46 /* Frameworks */,
				D32B184F26F78DC10093EE46 /* Resources */,
			);
			buildRules = (
			);
			dependencies = (
				D32B185326F78DC10093EE46 /* PBXTargetDependency */,
			);
			name = TradepopTests;
			productName = TradepopTests;
			productReference = D32B185126F78DC10093EE46 /* TradepopTests.xctest */;
			productType = "com.apple.product-type.bundle.unit-test";
		};
		D32B185B26F78DC10093EE46 /* TradepopUITests */ = {
			isa = PBXNativeTarget;
			buildConfigurationList = D32B186B26F78DC10093EE46 /* Build configuration list for PBXNativeTarget "TradepopUITests" */;
			buildPhases = (
				F6D9BCC91D7120BC705531A1 /* [CP] Check Pods Manifest.lock */,
				D32B185826F78DC10093EE46 /* Sources */,
				D32B185926F78DC10093EE46 /* Frameworks */,
				D32B185A26F78DC10093EE46 /* Resources */,
				4F514EE15FEED9FC9792D8A8 /* [CP] Embed Pods Frameworks */,
			);
			buildRules = (
			);
			dependencies = (
				D32B185E26F78DC10093EE46 /* PBXTargetDependency */,
			);
			name = TradepopUITests;
			productName = TradepopUITests;
			productReference = D32B185C26F78DC10093EE46 /* TradepopUITests.xctest */;
			productType = "com.apple.product-type.bundle.ui-testing";
		};
/* End PBXNativeTarget section */

/* Begin PBXProject section */
		D32B183326F78DC00093EE46 /* Project object */ = {
			isa = PBXProject;
			attributes = {
				LastSwiftUpdateCheck = 1250;
				LastUpgradeCheck = 1250;
				TargetAttributes = {
					D32B183A26F78DC00093EE46 = {
						CreatedOnToolsVersion = 12.5.1;
					};
					D32B185026F78DC10093EE46 = {
						CreatedOnToolsVersion = 12.5.1;
						TestTargetID = D32B183A26F78DC00093EE46;
					};
					D32B185B26F78DC10093EE46 = {
						CreatedOnToolsVersion = 12.5.1;
						TestTargetID = D32B183A26F78DC00093EE46;
					};
				};
			};
			buildConfigurationList = D32B183626F78DC00093EE46 /* Build configuration list for PBXProject "Tradepop" */;
			compatibilityVersion = "Xcode 9.3";
			developmentRegion = en;
			hasScannedForEncodings = 0;
			knownRegions = (
				en,
				Base,
				es,
			);
			mainGroup = D32B183226F78DC00093EE46;
			productRefGroup = D32B183C26F78DC00093EE46 /* Products */;
			projectDirPath = "";
			projectRoot = "";
			targets = (
				D32B183A26F78DC00093EE46 /* Tradepop */,
				D32B185026F78DC10093EE46 /* TradepopTests */,
				D32B185B26F78DC10093EE46 /* TradepopUITests */,
			);
		};
/* End PBXProject section */

/* Begin PBXResourcesBuildPhase section */
		D32B183926F78DC00093EE46 /* Resources */ = {
			isa = PBXResourcesBuildPhase;
			buildActionMask = 2147483647;
			files = (
				D30B02B526FA41B800D63CA8 /* SourceSansPro-Regular.ttf in Resources */,
				D357E76426F8F51C00A8723F /* ProfileViewController.xib in Resources */,
				D3B421002711EF4A000E6E08 /* AddProductViewController.xib in Resources */,
				D367A0862712F4E3002FF5BF /* InfoPlist.strings in Resources */,
				D32B184B26F78DC10093EE46 /* LaunchScreen.storyboard in Resources */,
				D30B02B026FA40ED00D63CA8 /* NoUserView.xib in Resources */,
				D3C1883D2711B55100505FC8 /* ProductsViewController.xib in Resources */,
				D3689FB327023BBB0052B003 /* Localizable.strings in Resources */,
				D32B184826F78DC10093EE46 /* Assets.xcassets in Resources */,
				D3BF082026FE4C5E0043B563 /* LoginRegisterViewController.xib in Resources */,
				D3EB97A12708789C00CFF38A /* GoogleService-Info.plist in Resources */,
				D30B02B626FA41B800D63CA8 /* SourceSansPro-Bold.ttf in Resources */,
				D30B02B726FA41B800D63CA8 /* SourceSansPro-SemiBold.ttf in Resources */,
			);
			runOnlyForDeploymentPostprocessing = 0;
		};
		D32B184F26F78DC10093EE46 /* Resources */ = {
			isa = PBXResourcesBuildPhase;
			buildActionMask = 2147483647;
			files = (
			);
			runOnlyForDeploymentPostprocessing = 0;
		};
		D32B185A26F78DC10093EE46 /* Resources */ = {
			isa = PBXResourcesBuildPhase;
			buildActionMask = 2147483647;
			files = (
			);
			runOnlyForDeploymentPostprocessing = 0;
		};
/* End PBXResourcesBuildPhase section */

/* Begin PBXShellScriptBuildPhase section */
		4F514EE15FEED9FC9792D8A8 /* [CP] Embed Pods Frameworks */ = {
			isa = PBXShellScriptBuildPhase;
			buildActionMask = 2147483647;
			files = (
			);
			inputFileListPaths = (
				"${PODS_ROOT}/Target Support Files/Pods-Tradepop-TradepopUITests/Pods-Tradepop-TradepopUITests-frameworks-${CONFIGURATION}-input-files.xcfilelist",
			);
			name = "[CP] Embed Pods Frameworks";
			outputFileListPaths = (
				"${PODS_ROOT}/Target Support Files/Pods-Tradepop-TradepopUITests/Pods-Tradepop-TradepopUITests-frameworks-${CONFIGURATION}-output-files.xcfilelist",
			);
			runOnlyForDeploymentPostprocessing = 0;
			shellPath = /bin/sh;
			shellScript = "\"${PODS_ROOT}/Target Support Files/Pods-Tradepop-TradepopUITests/Pods-Tradepop-TradepopUITests-frameworks.sh\"\n";
			showEnvVarsInLog = 0;
		};
		5CEC0A3074CE2B5A0DCF7BEA /* [CP] Embed Pods Frameworks */ = {
			isa = PBXShellScriptBuildPhase;
			buildActionMask = 2147483647;
			files = (
			);
			inputFileListPaths = (
				"${PODS_ROOT}/Target Support Files/Pods-Tradepop/Pods-Tradepop-frameworks-${CONFIGURATION}-input-files.xcfilelist",
			);
			name = "[CP] Embed Pods Frameworks";
			outputFileListPaths = (
				"${PODS_ROOT}/Target Support Files/Pods-Tradepop/Pods-Tradepop-frameworks-${CONFIGURATION}-output-files.xcfilelist",
			);
			runOnlyForDeploymentPostprocessing = 0;
			shellPath = /bin/sh;
			shellScript = "\"${PODS_ROOT}/Target Support Files/Pods-Tradepop/Pods-Tradepop-frameworks.sh\"\n";
			showEnvVarsInLog = 0;
		};
		E0070DDBB0E63B76A54162D8 /* [CP] Check Pods Manifest.lock */ = {
			isa = PBXShellScriptBuildPhase;
			buildActionMask = 2147483647;
			files = (
			);
			inputFileListPaths = (
			);
			inputPaths = (
				"${PODS_PODFILE_DIR_PATH}/Podfile.lock",
				"${PODS_ROOT}/Manifest.lock",
			);
			name = "[CP] Check Pods Manifest.lock";
			outputFileListPaths = (
			);
			outputPaths = (
				"$(DERIVED_FILE_DIR)/Pods-Tradepop-checkManifestLockResult.txt",
			);
			runOnlyForDeploymentPostprocessing = 0;
			shellPath = /bin/sh;
			shellScript = "diff \"${PODS_PODFILE_DIR_PATH}/Podfile.lock\" \"${PODS_ROOT}/Manifest.lock\" > /dev/null\nif [ $? != 0 ] ; then\n    # print error to STDERR\n    echo \"error: The sandbox is not in sync with the Podfile.lock. Run 'pod install' or update your CocoaPods installation.\" >&2\n    exit 1\nfi\n# This output is used by Xcode 'outputs' to avoid re-running this script phase.\necho \"SUCCESS\" > \"${SCRIPT_OUTPUT_FILE_0}\"\n";
			showEnvVarsInLog = 0;
		};
		F22B5D813FA22192B58E18C2 /* [CP] Check Pods Manifest.lock */ = {
			isa = PBXShellScriptBuildPhase;
			buildActionMask = 2147483647;
			files = (
			);
			inputFileListPaths = (
			);
			inputPaths = (
				"${PODS_PODFILE_DIR_PATH}/Podfile.lock",
				"${PODS_ROOT}/Manifest.lock",
			);
			name = "[CP] Check Pods Manifest.lock";
			outputFileListPaths = (
			);
			outputPaths = (
				"$(DERIVED_FILE_DIR)/Pods-TradepopTests-checkManifestLockResult.txt",
			);
			runOnlyForDeploymentPostprocessing = 0;
			shellPath = /bin/sh;
			shellScript = "diff \"${PODS_PODFILE_DIR_PATH}/Podfile.lock\" \"${PODS_ROOT}/Manifest.lock\" > /dev/null\nif [ $? != 0 ] ; then\n    # print error to STDERR\n    echo \"error: The sandbox is not in sync with the Podfile.lock. Run 'pod install' or update your CocoaPods installation.\" >&2\n    exit 1\nfi\n# This output is used by Xcode 'outputs' to avoid re-running this script phase.\necho \"SUCCESS\" > \"${SCRIPT_OUTPUT_FILE_0}\"\n";
			showEnvVarsInLog = 0;
		};
		F6D9BCC91D7120BC705531A1 /* [CP] Check Pods Manifest.lock */ = {
			isa = PBXShellScriptBuildPhase;
			buildActionMask = 2147483647;
			files = (
			);
			inputFileListPaths = (
			);
			inputPaths = (
				"${PODS_PODFILE_DIR_PATH}/Podfile.lock",
				"${PODS_ROOT}/Manifest.lock",
			);
			name = "[CP] Check Pods Manifest.lock";
			outputFileListPaths = (
			);
			outputPaths = (
				"$(DERIVED_FILE_DIR)/Pods-Tradepop-TradepopUITests-checkManifestLockResult.txt",
			);
			runOnlyForDeploymentPostprocessing = 0;
			shellPath = /bin/sh;
			shellScript = "diff \"${PODS_PODFILE_DIR_PATH}/Podfile.lock\" \"${PODS_ROOT}/Manifest.lock\" > /dev/null\nif [ $? != 0 ] ; then\n    # print error to STDERR\n    echo \"error: The sandbox is not in sync with the Podfile.lock. Run 'pod install' or update your CocoaPods installation.\" >&2\n    exit 1\nfi\n# This output is used by Xcode 'outputs' to avoid re-running this script phase.\necho \"SUCCESS\" > \"${SCRIPT_OUTPUT_FILE_0}\"\n";
			showEnvVarsInLog = 0;
		};
/* End PBXShellScriptBuildPhase section */

/* Begin PBXSourcesBuildPhase section */
		D32B183726F78DC00093EE46 /* Sources */ = {
			isa = PBXSourcesBuildPhase;
			buildActionMask = 2147483647;
			files = (
				D32B187726F79C500093EE46 /* AppCoordinator.swift in Sources */,
				D3EAAD9C2705C265002AF85F /* FirebaseDataManagerImp.swift in Sources */,
				D3C1883F2711B5BA00505FC8 /* ProductsDataManager.swift in Sources */,
				D3BDFAB927076C5800C88C7F /* UIView+Extensions.swift in Sources */,
				D3BDFAB727075E5C00C88C7F /* LoginRegisterCoordinator.swift in Sources */,
				D32B187A26F7A53A0093EE46 /* DataManager.swift in Sources */,
				D3EAAD9A2705C255002AF85F /* FirebaseDataManager.swift in Sources */,
				D3C188392711B54400505FC8 /* ProductsViewModel.swift in Sources */,
				D32B183F26F78DC00093EE46 /* AppDelegate.swift in Sources */,
				D3BF081F26FE4C5E0043B563 /* LoginRegisterViewController.swift in Sources */,
				D357E74E26F8D44500A8723F /* UIColor+Extensions.swift in Sources */,
				D32B184126F78DC00093EE46 /* SceneDelegate.swift in Sources */,
				D3EB97A32708D13200CFF38A /* User.swift in Sources */,
				D3EB979F27086F3500CFF38A /* UIViewController + Extensions.swift in Sources */,
				D3BF081C26FE4C0B0043B563 /* LoginRegisterViewModel.swift in Sources */,
				D3B421022711EF6B000E6E08 /* AddProductDataManager.swift in Sources */,
				D328D8F52704E587009D9F28 /* UserDataManager.swift in Sources */,
				D328D8FA2704E6D6009D9F28 /* FirebaseUserDataManagerImp.swift in Sources */,
				D32B187226F792DE0093EE46 /* Coordinator.swift in Sources */,
				D328D8F82704E6B5009D9F28 /* FirebaseUserDataManager.swift in Sources */,
				D367A0832712EF1F002FF5BF /* TextFieldWithPadding.swift in Sources */,
				D3C1883C2711B55100505FC8 /* ProductsViewController.swift in Sources */,
				D30B02AE26FA40D500D63CA8 /* NoUserView.swift in Sources */,
				D367A08B2713259D002FF5BF /* ProfileDataManager.swift in Sources */,
				D3B420FC2711EF2E000E6E08 /* AddProductViewModel.swift in Sources */,
				D3B420FF2711EF4A000E6E08 /* AddProductViewController.swift in Sources */,
				D357E76326F8F51C00A8723F /* ProfileViewController.swift in Sources */,
				D357E75826F8E4EE00A8723F /* ProfileCoordinator.swift in Sources */,
				D3C188412711B5DF00505FC8 /* ProductsCoordinator.swift in Sources */,
				D3B421042711F19F000E6E08 /* AddProductCoordinator.swift in Sources */,
				D357E75026F8DE4100A8723F /* ProfileViewModel.swift in Sources */,
			);
			runOnlyForDeploymentPostprocessing = 0;
		};
		D32B184D26F78DC10093EE46 /* Sources */ = {
			isa = PBXSourcesBuildPhase;
			buildActionMask = 2147483647;
			files = (
				D32B185626F78DC10093EE46 /* TradepopTests.swift in Sources */,
			);
			runOnlyForDeploymentPostprocessing = 0;
		};
		D32B185826F78DC10093EE46 /* Sources */ = {
			isa = PBXSourcesBuildPhase;
			buildActionMask = 2147483647;
			files = (
				D32B186126F78DC10093EE46 /* TradepopUITests.swift in Sources */,
			);
			runOnlyForDeploymentPostprocessing = 0;
		};
/* End PBXSourcesBuildPhase section */

/* Begin PBXTargetDependency section */
		D32B185326F78DC10093EE46 /* PBXTargetDependency */ = {
			isa = PBXTargetDependency;
			target = D32B183A26F78DC00093EE46 /* Tradepop */;
			targetProxy = D32B185226F78DC10093EE46 /* PBXContainerItemProxy */;
		};
		D32B185E26F78DC10093EE46 /* PBXTargetDependency */ = {
			isa = PBXTargetDependency;
			target = D32B183A26F78DC00093EE46 /* Tradepop */;
			targetProxy = D32B185D26F78DC10093EE46 /* PBXContainerItemProxy */;
		};
/* End PBXTargetDependency section */

/* Begin PBXVariantGroup section */
		D32B184926F78DC10093EE46 /* LaunchScreen.storyboard */ = {
			isa = PBXVariantGroup;
			children = (
				D32B184A26F78DC10093EE46 /* Base */,
				D3689FB627023BDF0052B003 /* es */,
			);
			name = LaunchScreen.storyboard;
			sourceTree = "<group>";
		};
		D367A0882712F4E3002FF5BF /* InfoPlist.strings */ = {
			isa = PBXVariantGroup;
			children = (
				D367A0872712F4E3002FF5BF /* en */,
				D367A0892712F4E7002FF5BF /* es */,
			);
			name = InfoPlist.strings;
			sourceTree = "<group>";
		};
		D3689FB527023BBB0052B003 /* Localizable.strings */ = {
			isa = PBXVariantGroup;
			children = (
				D3689FB427023BBB0052B003 /* en */,
				D3689FB727023BE00052B003 /* es */,
			);
			name = Localizable.strings;
			sourceTree = "<group>";
		};
/* End PBXVariantGroup section */

/* Begin XCBuildConfiguration section */
		D32B186326F78DC10093EE46 /* Debug */ = {
			isa = XCBuildConfiguration;
			buildSettings = {
				ALWAYS_SEARCH_USER_PATHS = NO;
				CLANG_ANALYZER_LOCALIZABILITY_NONLOCALIZED = YES;
				CLANG_ANALYZER_NONNULL = YES;
				CLANG_ANALYZER_NUMBER_OBJECT_CONVERSION = YES_AGGRESSIVE;
				CLANG_CXX_LANGUAGE_STANDARD = "gnu++14";
				CLANG_CXX_LIBRARY = "libc++";
				CLANG_ENABLE_MODULES = YES;
				CLANG_ENABLE_OBJC_ARC = YES;
				CLANG_ENABLE_OBJC_WEAK = YES;
				CLANG_WARN_BLOCK_CAPTURE_AUTORELEASING = YES;
				CLANG_WARN_BOOL_CONVERSION = YES;
				CLANG_WARN_COMMA = YES;
				CLANG_WARN_CONSTANT_CONVERSION = YES;
				CLANG_WARN_DEPRECATED_OBJC_IMPLEMENTATIONS = YES;
				CLANG_WARN_DIRECT_OBJC_ISA_USAGE = YES_ERROR;
				CLANG_WARN_DOCUMENTATION_COMMENTS = YES;
				CLANG_WARN_EMPTY_BODY = YES;
				CLANG_WARN_ENUM_CONVERSION = YES;
				CLANG_WARN_INFINITE_RECURSION = YES;
				CLANG_WARN_INT_CONVERSION = YES;
				CLANG_WARN_NON_LITERAL_NULL_CONVERSION = YES;
				CLANG_WARN_OBJC_IMPLICIT_RETAIN_SELF = YES;
				CLANG_WARN_OBJC_LITERAL_CONVERSION = YES;
				CLANG_WARN_OBJC_ROOT_CLASS = YES_ERROR;
				CLANG_WARN_QUOTED_INCLUDE_IN_FRAMEWORK_HEADER = YES;
				CLANG_WARN_RANGE_LOOP_ANALYSIS = YES;
				CLANG_WARN_STRICT_PROTOTYPES = YES;
				CLANG_WARN_SUSPICIOUS_MOVE = YES;
				CLANG_WARN_UNGUARDED_AVAILABILITY = YES_AGGRESSIVE;
				CLANG_WARN_UNREACHABLE_CODE = YES;
				CLANG_WARN__DUPLICATE_METHOD_MATCH = YES;
				COPY_PHASE_STRIP = NO;
				DEBUG_INFORMATION_FORMAT = dwarf;
				ENABLE_STRICT_OBJC_MSGSEND = YES;
				ENABLE_TESTABILITY = YES;
				GCC_C_LANGUAGE_STANDARD = gnu11;
				GCC_DYNAMIC_NO_PIC = NO;
				GCC_NO_COMMON_BLOCKS = YES;
				GCC_OPTIMIZATION_LEVEL = 0;
				GCC_PREPROCESSOR_DEFINITIONS = (
					"DEBUG=1",
					"$(inherited)",
				);
				GCC_WARN_64_TO_32_BIT_CONVERSION = YES;
				GCC_WARN_ABOUT_RETURN_TYPE = YES_ERROR;
				GCC_WARN_UNDECLARED_SELECTOR = YES;
				GCC_WARN_UNINITIALIZED_AUTOS = YES_AGGRESSIVE;
				GCC_WARN_UNUSED_FUNCTION = YES;
				GCC_WARN_UNUSED_VARIABLE = YES;
				IPHONEOS_DEPLOYMENT_TARGET = 13.0;
				MTL_ENABLE_DEBUG_INFO = INCLUDE_SOURCE;
				MTL_FAST_MATH = YES;
				ONLY_ACTIVE_ARCH = YES;
				SDKROOT = iphoneos;
				SWIFT_ACTIVE_COMPILATION_CONDITIONS = DEBUG;
				SWIFT_OPTIMIZATION_LEVEL = "-Onone";
			};
			name = Debug;
		};
		D32B186426F78DC10093EE46 /* Release */ = {
			isa = XCBuildConfiguration;
			buildSettings = {
				ALWAYS_SEARCH_USER_PATHS = NO;
				CLANG_ANALYZER_LOCALIZABILITY_NONLOCALIZED = YES;
				CLANG_ANALYZER_NONNULL = YES;
				CLANG_ANALYZER_NUMBER_OBJECT_CONVERSION = YES_AGGRESSIVE;
				CLANG_CXX_LANGUAGE_STANDARD = "gnu++14";
				CLANG_CXX_LIBRARY = "libc++";
				CLANG_ENABLE_MODULES = YES;
				CLANG_ENABLE_OBJC_ARC = YES;
				CLANG_ENABLE_OBJC_WEAK = YES;
				CLANG_WARN_BLOCK_CAPTURE_AUTORELEASING = YES;
				CLANG_WARN_BOOL_CONVERSION = YES;
				CLANG_WARN_COMMA = YES;
				CLANG_WARN_CONSTANT_CONVERSION = YES;
				CLANG_WARN_DEPRECATED_OBJC_IMPLEMENTATIONS = YES;
				CLANG_WARN_DIRECT_OBJC_ISA_USAGE = YES_ERROR;
				CLANG_WARN_DOCUMENTATION_COMMENTS = YES;
				CLANG_WARN_EMPTY_BODY = YES;
				CLANG_WARN_ENUM_CONVERSION = YES;
				CLANG_WARN_INFINITE_RECURSION = YES;
				CLANG_WARN_INT_CONVERSION = YES;
				CLANG_WARN_NON_LITERAL_NULL_CONVERSION = YES;
				CLANG_WARN_OBJC_IMPLICIT_RETAIN_SELF = YES;
				CLANG_WARN_OBJC_LITERAL_CONVERSION = YES;
				CLANG_WARN_OBJC_ROOT_CLASS = YES_ERROR;
				CLANG_WARN_QUOTED_INCLUDE_IN_FRAMEWORK_HEADER = YES;
				CLANG_WARN_RANGE_LOOP_ANALYSIS = YES;
				CLANG_WARN_STRICT_PROTOTYPES = YES;
				CLANG_WARN_SUSPICIOUS_MOVE = YES;
				CLANG_WARN_UNGUARDED_AVAILABILITY = YES_AGGRESSIVE;
				CLANG_WARN_UNREACHABLE_CODE = YES;
				CLANG_WARN__DUPLICATE_METHOD_MATCH = YES;
				COPY_PHASE_STRIP = NO;
				DEBUG_INFORMATION_FORMAT = "dwarf-with-dsym";
				ENABLE_NS_ASSERTIONS = NO;
				ENABLE_STRICT_OBJC_MSGSEND = YES;
				GCC_C_LANGUAGE_STANDARD = gnu11;
				GCC_NO_COMMON_BLOCKS = YES;
				GCC_WARN_64_TO_32_BIT_CONVERSION = YES;
				GCC_WARN_ABOUT_RETURN_TYPE = YES_ERROR;
				GCC_WARN_UNDECLARED_SELECTOR = YES;
				GCC_WARN_UNINITIALIZED_AUTOS = YES_AGGRESSIVE;
				GCC_WARN_UNUSED_FUNCTION = YES;
				GCC_WARN_UNUSED_VARIABLE = YES;
				IPHONEOS_DEPLOYMENT_TARGET = 13.0;
				MTL_ENABLE_DEBUG_INFO = NO;
				MTL_FAST_MATH = YES;
				SDKROOT = iphoneos;
				SWIFT_COMPILATION_MODE = wholemodule;
				SWIFT_OPTIMIZATION_LEVEL = "-O";
				VALIDATE_PRODUCT = YES;
			};
			name = Release;
		};
		D32B186626F78DC10093EE46 /* Debug */ = {
			isa = XCBuildConfiguration;
			baseConfigurationReference = BD3CAC157E503D71882C721B /* Pods-Tradepop.debug.xcconfig */;
			buildSettings = {
				ASSETCATALOG_COMPILER_APPICON_NAME = AppIcon;
				ASSETCATALOG_COMPILER_GLOBAL_ACCENT_COLOR_NAME = AccentColor;
				CODE_SIGN_STYLE = Automatic;
				DEVELOPMENT_TEAM = MG6VSP46ZM;
				INFOPLIST_FILE = Tradepop/Resources/Info.plist;
				IPHONEOS_DEPLOYMENT_TARGET = 13.0;
				LD_RUNPATH_SEARCH_PATHS = (
					"$(inherited)",
					"@executable_path/Frameworks",
				);
				PRODUCT_BUNDLE_IDENTIFIER = com.alberto.Tradepop;
				PRODUCT_NAME = "$(TARGET_NAME)";
				SWIFT_VERSION = 5.0;
				TARGETED_DEVICE_FAMILY = "1,2";
			};
			name = Debug;
		};
		D32B186726F78DC10093EE46 /* Release */ = {
			isa = XCBuildConfiguration;
			baseConfigurationReference = 3242FB91C3E5392C72686ECE /* Pods-Tradepop.release.xcconfig */;
			buildSettings = {
				ASSETCATALOG_COMPILER_APPICON_NAME = AppIcon;
				ASSETCATALOG_COMPILER_GLOBAL_ACCENT_COLOR_NAME = AccentColor;
				CODE_SIGN_STYLE = Automatic;
				DEVELOPMENT_TEAM = MG6VSP46ZM;
				INFOPLIST_FILE = Tradepop/Resources/Info.plist;
				IPHONEOS_DEPLOYMENT_TARGET = 13.0;
				LD_RUNPATH_SEARCH_PATHS = (
					"$(inherited)",
					"@executable_path/Frameworks",
				);
				PRODUCT_BUNDLE_IDENTIFIER = com.alberto.Tradepop;
				PRODUCT_NAME = "$(TARGET_NAME)";
				SWIFT_VERSION = 5.0;
				TARGETED_DEVICE_FAMILY = "1,2";
			};
			name = Release;
		};
		D32B186926F78DC10093EE46 /* Debug */ = {
			isa = XCBuildConfiguration;
			baseConfigurationReference = 482B2D68394B3131826CAD23 /* Pods-TradepopTests.debug.xcconfig */;
			buildSettings = {
				ALWAYS_EMBED_SWIFT_STANDARD_LIBRARIES = YES;
				BUNDLE_LOADER = "$(TEST_HOST)";
				CODE_SIGN_STYLE = Automatic;
				DEVELOPMENT_TEAM = MG6VSP46ZM;
				INFOPLIST_FILE = TradepopTests/Info.plist;
				IPHONEOS_DEPLOYMENT_TARGET = 14.5;
				LD_RUNPATH_SEARCH_PATHS = (
					"$(inherited)",
					"@executable_path/Frameworks",
					"@loader_path/Frameworks",
				);
				PRODUCT_BUNDLE_IDENTIFIER = com.alberto.TradepopTests;
				PRODUCT_NAME = "$(TARGET_NAME)";
				SWIFT_VERSION = 5.0;
				TARGETED_DEVICE_FAMILY = "1,2";
				TEST_HOST = "$(BUILT_PRODUCTS_DIR)/Tradepop.app/Tradepop";
			};
			name = Debug;
		};
		D32B186A26F78DC10093EE46 /* Release */ = {
			isa = XCBuildConfiguration;
			baseConfigurationReference = 65B85108B6BC6D319FA06217 /* Pods-TradepopTests.release.xcconfig */;
			buildSettings = {
				ALWAYS_EMBED_SWIFT_STANDARD_LIBRARIES = YES;
				BUNDLE_LOADER = "$(TEST_HOST)";
				CODE_SIGN_STYLE = Automatic;
				DEVELOPMENT_TEAM = MG6VSP46ZM;
				INFOPLIST_FILE = TradepopTests/Info.plist;
				IPHONEOS_DEPLOYMENT_TARGET = 14.5;
				LD_RUNPATH_SEARCH_PATHS = (
					"$(inherited)",
					"@executable_path/Frameworks",
					"@loader_path/Frameworks",
				);
				PRODUCT_BUNDLE_IDENTIFIER = com.alberto.TradepopTests;
				PRODUCT_NAME = "$(TARGET_NAME)";
				SWIFT_VERSION = 5.0;
				TARGETED_DEVICE_FAMILY = "1,2";
				TEST_HOST = "$(BUILT_PRODUCTS_DIR)/Tradepop.app/Tradepop";
			};
			name = Release;
		};
		D32B186C26F78DC10093EE46 /* Debug */ = {
			isa = XCBuildConfiguration;
			baseConfigurationReference = 2E16A847E3FA03502B5C9BA3 /* Pods-Tradepop-TradepopUITests.debug.xcconfig */;
			buildSettings = {
				ALWAYS_EMBED_SWIFT_STANDARD_LIBRARIES = YES;
				CODE_SIGN_STYLE = Automatic;
				DEVELOPMENT_TEAM = MG6VSP46ZM;
				INFOPLIST_FILE = TradepopUITests/Info.plist;
				LD_RUNPATH_SEARCH_PATHS = (
					"$(inherited)",
					"@executable_path/Frameworks",
					"@loader_path/Frameworks",
				);
				PRODUCT_BUNDLE_IDENTIFIER = com.alberto.TradepopUITests;
				PRODUCT_NAME = "$(TARGET_NAME)";
				SWIFT_VERSION = 5.0;
				TARGETED_DEVICE_FAMILY = "1,2";
				TEST_TARGET_NAME = Tradepop;
			};
			name = Debug;
		};
		D32B186D26F78DC10093EE46 /* Release */ = {
			isa = XCBuildConfiguration;
			baseConfigurationReference = F13911D1E355F3B3028FA466 /* Pods-Tradepop-TradepopUITests.release.xcconfig */;
			buildSettings = {
				ALWAYS_EMBED_SWIFT_STANDARD_LIBRARIES = YES;
				CODE_SIGN_STYLE = Automatic;
				DEVELOPMENT_TEAM = MG6VSP46ZM;
				INFOPLIST_FILE = TradepopUITests/Info.plist;
				LD_RUNPATH_SEARCH_PATHS = (
					"$(inherited)",
					"@executable_path/Frameworks",
					"@loader_path/Frameworks",
				);
				PRODUCT_BUNDLE_IDENTIFIER = com.alberto.TradepopUITests;
				PRODUCT_NAME = "$(TARGET_NAME)";
				SWIFT_VERSION = 5.0;
				TARGETED_DEVICE_FAMILY = "1,2";
				TEST_TARGET_NAME = Tradepop;
			};
			name = Release;
		};
/* End XCBuildConfiguration section */

/* Begin XCConfigurationList section */
		D32B183626F78DC00093EE46 /* Build configuration list for PBXProject "Tradepop" */ = {
			isa = XCConfigurationList;
			buildConfigurations = (
				D32B186326F78DC10093EE46 /* Debug */,
				D32B186426F78DC10093EE46 /* Release */,
			);
			defaultConfigurationIsVisible = 0;
			defaultConfigurationName = Release;
		};
		D32B186526F78DC10093EE46 /* Build configuration list for PBXNativeTarget "Tradepop" */ = {
			isa = XCConfigurationList;
			buildConfigurations = (
				D32B186626F78DC10093EE46 /* Debug */,
				D32B186726F78DC10093EE46 /* Release */,
			);
			defaultConfigurationIsVisible = 0;
			defaultConfigurationName = Release;
		};
		D32B186826F78DC10093EE46 /* Build configuration list for PBXNativeTarget "TradepopTests" */ = {
			isa = XCConfigurationList;
			buildConfigurations = (
				D32B186926F78DC10093EE46 /* Debug */,
				D32B186A26F78DC10093EE46 /* Release */,
			);
			defaultConfigurationIsVisible = 0;
			defaultConfigurationName = Release;
		};
		D32B186B26F78DC10093EE46 /* Build configuration list for PBXNativeTarget "TradepopUITests" */ = {
			isa = XCConfigurationList;
			buildConfigurations = (
				D32B186C26F78DC10093EE46 /* Debug */,
				D32B186D26F78DC10093EE46 /* Release */,
			);
			defaultConfigurationIsVisible = 0;
			defaultConfigurationName = Release;
		};
/* End XCConfigurationList section */
	};
	rootObject = D32B183326F78DC00093EE46 /* Project object */;
}
